
Microsoft Visual Studio Solution File, Format Version 12.00
# Visual Studio Version 16
VisualStudioVersion = 16.0.32602.291
MinimumVisualStudioVersion = 10.0.40219.1
Project("{FAE04EC0-301F-11D3-BF4B-00C04F79EFBC}") = "DeteccaoRostoEnguCV", "DeteccaoRostoEnguCV\DeteccaoRostoEnguCV.csproj", "{9FEF47D7-B213-4DBE-A20F-8DE5FB8AE28A}"
EndProject
Global
	GlobalSection(SolutionConfigurationPlatforms) = preSolution
		Debug|Any CPU = Debug|Any CPU
		Release|Any CPU = Release|Any CPU
	EndGlobalSection
	GlobalSection(ProjectConfigurationPlatforms) = postSolution
		{9FEF47D7-B213-4DBE-A20F-8DE5FB8AE28A}.Debug|Any CPU.ActiveCfg = Debug|Any CPU
		{9FEF47D7-B213-4DBE-A20F-8DE5FB8AE28A}.Debug|Any CPU.Build.0 = Debug|Any CPU
		{9FEF47D7-B213-4DBE-A20F-8DE5FB8AE28A}.Release|Any CPU.ActiveCfg = Release|Any CPU
		{9FEF47D7-B213-4DBE-A20F-8DE5FB8AE28A}.Release|Any CPU.Build.0 = Release|Any CPU
	EndGlobalSection
	GlobalSection(SolutionProperties) = preSolution
		HideSolutionNode = FALSE
	EndGlobalSection
	GlobalSection(ExtensibilityGlobals) = postSolution
		SolutionGuid = {E1C022C3-C1F5-4405-9CBA-146E6DE5EF48}
	EndGlobalSection
EndGlobal
